
Microsoft Visual Studio Solution File, Format Version 12.00
# Visual Studio Version 17
VisualStudioVersion = 17.2.32526.322
MinimumVisualStudioVersion = 10.0.40219.1
Project("{FAE04EC0-301F-11D3-BF4B-00C04F79EFBC}") = "Exercicio1", "Exercicio1\Exercicio1.csproj", "{478C06BA-B371-4ABC-B318-6638E53CF27A}"
EndProject
Project("{FAE04EC0-301F-11D3-BF4B-00C04F79EFBC}") = "Exercicio2", "Exercicio2\Exercicio2.csproj", "{3C872128-1B72-4D5A-BF95-5B0E3CE19282}"
EndProject
Project("{FAE04EC0-301F-11D3-BF4B-00C04F79EFBC}") = "Exercicio3", "Exercicio3\Exercicio3.csproj", "{37C39FB9-2ECC-4103-A075-D3BDD4904AED}"
EndProject
Project("{FAE04EC0-301F-11D3-BF4B-00C04F79EFBC}") = "Exercicio4", "Exercicio4\Exercicio4.csproj", "{AAD1EFD3-80AA-4C94-9DA6-4ABD74C16D90}"
EndProject
Project("{FAE04EC0-301F-11D3-BF4B-00C04F79EFBC}") = "Exercicio5", "Exercicio5\Exercicio5.csproj", "{859272AD-8132-489B-B618-3ABC34236A26}"
EndProject
Global
	GlobalSection(SolutionConfigurationPlatforms) = preSolution
		Debug|Any CPU = Debug|Any CPU
		Release|Any CPU = Release|Any CPU
	EndGlobalSection
	GlobalSection(ProjectConfigurationPlatforms) = postSolution
		{478C06BA-B371-4ABC-B318-6638E53CF27A}.Debug|Any CPU.ActiveCfg = Debug|Any CPU
		{478C06BA-B371-4ABC-B318-6638E53CF27A}.Debug|Any CPU.Build.0 = Debug|Any CPU
		{478C06BA-B371-4ABC-B318-6638E53CF27A}.Release|Any CPU.ActiveCfg = Release|Any CPU
		{478C06BA-B371-4ABC-B318-6638E53CF27A}.Release|Any CPU.Build.0 = Release|Any CPU
		{3C872128-1B72-4D5A-BF95-5B0E3CE19282}.Debug|Any CPU.ActiveCfg = Debug|Any CPU
		{3C872128-1B72-4D5A-BF95-5B0E3CE19282}.Debug|Any CPU.Build.0 = Debug|Any CPU
		{3C872128-1B72-4D5A-BF95-5B0E3CE19282}.Release|Any CPU.ActiveCfg = Release|Any CPU
		{3C872128-1B72-4D5A-BF95-5B0E3CE19282}.Release|Any CPU.Build.0 = Release|Any CPU
		{37C39FB9-2ECC-4103-A075-D3BDD4904AED}.Debug|Any CPU.ActiveCfg = Debug|Any CPU
		{37C39FB9-2ECC-4103-A075-D3BDD4904AED}.Debug|Any CPU.Build.0 = Debug|Any CPU
		{37C39FB9-2ECC-4103-A075-D3BDD4904AED}.Release|Any CPU.ActiveCfg = Release|Any CPU
		{37C39FB9-2ECC-4103-A075-D3BDD4904AED}.Release|Any CPU.Build.0 = Release|Any CPU
		{AAD1EFD3-80AA-4C94-9DA6-4ABD74C16D90}.Debug|Any CPU.ActiveCfg = Debug|Any CPU
		{AAD1EFD3-80AA-4C94-9DA6-4ABD74C16D90}.Debug|Any CPU.Build.0 = Debug|Any CPU
		{AAD1EFD3-80AA-4C94-9DA6-4ABD74C16D90}.Release|Any CPU.ActiveCfg = Release|Any CPU
		{AAD1EFD3-80AA-4C94-9DA6-4ABD74C16D90}.Release|Any CPU.Build.0 = Release|Any CPU
		{859272AD-8132-489B-B618-3ABC34236A26}.Debug|Any CPU.ActiveCfg = Debug|Any CPU
		{859272AD-8132-489B-B618-3ABC34236A26}.Debug|Any CPU.Build.0 = Debug|Any CPU
		{859272AD-8132-489B-B618-3ABC34236A26}.Release|Any CPU.ActiveCfg = Release|Any CPU
		{859272AD-8132-489B-B618-3ABC34236A26}.Release|Any CPU.Build.0 = Release|Any CPU
	EndGlobalSection
	GlobalSection(SolutionProperties) = preSolution
		HideSolutionNode = FALSE
	EndGlobalSection
	GlobalSection(ExtensibilityGlobals) = postSolution
		SolutionGuid = {B226C67A-E980-4442-B4BF-B44C744F73F5}
	EndGlobalSection
EndGlobal
